
Microsoft Visual Studio Solution File, Format Version 12.00
# Visual Studio Version 16
VisualStudioVersion = 25.0.1706.6
MinimumVisualStudioVersion = 10.0.40219.1
Project("{FAE04EC0-301F-11D3-BF4B-00C04F79EFBC}") = "txt konvert", "txt konvert\txt konvert.csproj", "{4E02EF9A-6D20-4079-ABCF-9C536FAB09D3}"
EndProject
Global
	GlobalSection(SolutionConfigurationPlatforms) = preSolution
		Debug|Any CPU = Debug|Any CPU
		Release|Any CPU = Release|Any CPU
	EndGlobalSection
	GlobalSection(ProjectConfigurationPlatforms) = postSolution
		{4E02EF9A-6D20-4079-ABCF-9C536FAB09D3}.Debug|Any CPU.ActiveCfg = Debug|Any CPU
		{4E02EF9A-6D20-4079-ABCF-9C536FAB09D3}.Debug|Any CPU.Build.0 = Debug|Any CPU
		{4E02EF9A-6D20-4079-ABCF-9C536FAB09D3}.Release|Any CPU.ActiveCfg = Release|Any CPU
		{4E02EF9A-6D20-4079-ABCF-9C536FAB09D3}.Release|Any CPU.Build.0 = Release|Any CPU
	EndGlobalSection
	GlobalSection(SolutionProperties) = preSolution
		HideSolutionNode = FALSE
	EndGlobalSection
	GlobalSection(ExtensibilityGlobals) = postSolution
		SolutionGuid = {FD0F538E-D636-4A87-A9E5-41FBEB57119A}
	EndGlobalSection
EndGlobal
